{
  "meteor": {
    "git": "https://github.com/meteor/meteor.git",
    "branch": "master",
    "commit": "bb6c88ca9e3409ce4d50b796123c62cfb8fc71fd"
  },
  "dependencies": {
    "basePackages": {
      "leaflet": {
        "path": ""
      }
    },
    "packages": {
      "leaflet": {
        "path": ""
      }
    }
  }
}
