{
  "meteor": {
    "git": "https://github.com/meteor/meteor.git",
    "branch": "master",
    "commit": "2d8b41a87cec884489ead138b5dfea31487363f3"
  },
  "dependencies": {
    "basePackages": {
      "leaflet": {
        "path": ""
      }
    },
    "packages": {
      "leaflet": {
        "path": ""
      }
    }
  }
}
