{
  "lockfileVersion": 1,
  "dependencies": {
    "leaflet": {
      "version": "1.3.4",
      "resolved": "https://registry.npmjs.org/leaflet/-/leaflet-1.3.4.tgz",
      "integrity": "sha512-FYL1LGFdj6v+2Ifpw+AcFIuIOqjNggfoLUwuwQv6+3sS21Za7Wvapq+LhbSE4NDXrEj6eYnW3y7LsaBICpyXtw=="
    },
    "leaflet-providers": {
      "version": "1.5.0",
      "resolved": "https://registry.npmjs.org/leaflet-providers/-/leaflet-providers-1.5.0.tgz",
      "integrity": "sha512-btncloSyOHrgYNexoz2dRpCl+U9iDQME91RsOWQWNAD9jQUPAkq9mxuTvL/O9VOwrqcEtzhvuHBHIOacJAZDxQ=="
    },
    "leaflet-spin": {
      "version": "1.1.0",
      "resolved": "https://registry.npmjs.org/leaflet-spin/-/leaflet-spin-1.1.0.tgz",
      "integrity": "sha1-cpi+O+mrBbVAkT2EkV1jR/SbHk4=",
      "dependencies": {
        "spin.js": {
          "version": "2.3.2",
          "resolved": "https://registry.npmjs.org/spin.js/-/spin.js-2.3.2.tgz",
          "integrity": "sha1-bKpW1SBnNFD9XPvGlx5tB3LDeho="
        }
      }
    },
    "leaflet.markercluster": {
      "version": "1.4.1",
      "resolved": "https://registry.npmjs.org/leaflet.markercluster/-/leaflet.markercluster-1.4.1.tgz",
      "integrity": "sha512-ZSEpE/EFApR0bJ1w/dUGwTSUvWlpalKqIzkaYdYB7jaftQA/Y2Jav+eT4CMtEYFj+ZK4mswP13Q2acnPBnhGOw=="
    },
    "spin.js": {
      "version": "2.3.2",
      "resolved": "https://registry.npmjs.org/spin.js/-/spin.js-2.3.2.tgz",
      "integrity": "sha1-bKpW1SBnNFD9XPvGlx5tB3LDeho="
    }
  }
}
