{
  "dependencies": {
    "leaflet": {
      "version": "1.0.3",
      "resolved": "https://registry.npmjs.org/leaflet/-/leaflet-1.0.3.tgz",
      "from": "leaflet@1.0.3"
    },
    "leaflet-providers": {
      "version": "1.1.16",
      "resolved": "https://registry.npmjs.org/leaflet-providers/-/leaflet-providers-1.1.16.tgz",
      "from": "leaflet-providers@1.1.16"
    },
    "leaflet-spin": {
      "version": "1.1.0",
      "resolved": "https://registry.npmjs.org/leaflet-spin/-/leaflet-spin-1.1.0.tgz",
      "from": "leaflet-spin@1.1.0"
    },
    "leaflet.markercluster": {
      "version": "1.0.2",
      "resolved": "https://registry.npmjs.org/leaflet.markercluster/-/leaflet.markercluster-1.0.2.tgz",
      "from": "leaflet.markercluster@1.0.2"
    },
    "spin.js": {
      "version": "2.3.2",
      "resolved": "https://registry.npmjs.org/spin.js/-/spin.js-2.3.2.tgz",
      "from": "spin.js@2.3.2"
    }
  }
}
